
Microsoft Visual Studio Solution File, Format Version 12.00
# Visual Studio Version 17
VisualStudioVersion = 17.2.32616.157
MinimumVisualStudioVersion = 10.0.40219.1
Project("{FAE04EC0-301F-11D3-BF4B-00C04F79EFBC}") = "Elevator", "Elevator\Elevator.csproj", "{25D471DB-10E6-4D3D-817A-7BB0BC726998}"
EndProject
Global
	GlobalSection(SolutionConfigurationPlatforms) = preSolution
		Debug|Any CPU = Debug|Any CPU
		Release|Any CPU = Release|Any CPU
	EndGlobalSection
	GlobalSection(ProjectConfigurationPlatforms) = postSolution
		{25D471DB-10E6-4D3D-817A-7BB0BC726998}.Debug|Any CPU.ActiveCfg = Debug|Any CPU
		{25D471DB-10E6-4D3D-817A-7BB0BC726998}.Debug|Any CPU.Build.0 = Debug|Any CPU
		{25D471DB-10E6-4D3D-817A-7BB0BC726998}.Release|Any CPU.ActiveCfg = Release|Any CPU
		{25D471DB-10E6-4D3D-817A-7BB0BC726998}.Release|Any CPU.Build.0 = Release|Any CPU
	EndGlobalSection
	GlobalSection(SolutionProperties) = preSolution
		HideSolutionNode = FALSE
	EndGlobalSection
	GlobalSection(ExtensibilityGlobals) = postSolution
		SolutionGuid = {9146C2DD-4E15-4649-8B76-7773C55C3DAE}
	EndGlobalSection
EndGlobal
